// !$*UTF8*$!
{
	archiveVersion = 1;
	classes = {
	};
	objectVersion = 50;
	objects = {

/* Begin PBXBuildFile section */
		49749BF020D22A480020A05C /* AppDelegate.swift in Sources */ = {isa = PBXBuildFile; fileRef = 49749BEF20D22A480020A05C /* AppDelegate.swift */; };
		49749BF220D22A480020A05C /* ViewController.swift in Sources */ = {isa = PBXBuildFile; fileRef = 49749BF120D22A480020A05C /* ViewController.swift */; };
		49749BF520D22A480020A05C /* Main.storyboard in Resources */ = {isa = PBXBuildFile; fileRef = 49749BF320D22A480020A05C /* Main.storyboard */; };
		49749BF820D22A480020A05C /* Persistence.xcdatamodeld in Sources */ = {isa = PBXBuildFile; fileRef = 49749BF620D22A480020A05C /* Persistence.xcdatamodeld */; };
		49749BFA20D22A490020A05C /* Assets.xcassets in Resources */ = {isa = PBXBuildFile; fileRef = 49749BF920D22A490020A05C /* Assets.xcassets */; };
		49749BFD20D22A490020A05C /* LaunchScreen.storyboard in Resources */ = {isa = PBXBuildFile; fileRef = 49749BFB20D22A490020A05C /* LaunchScreen.storyboard */; };
		49749C0520D22EC10020A05C /* PersistenceService.swift in Sources */ = {isa = PBXBuildFile; fileRef = 49749C0420D22EC10020A05C /* PersistenceService.swift */; };
		49749C0820D237E70020A05C /* Person+CoreDataClass.swift in Sources */ = {isa = PBXBuildFile; fileRef = 49749C0620D237E70020A05C /* Person+CoreDataClass.swift */; };
		49749C0920D237E70020A05C /* Person+CoreDataProperties.swift in Sources */ = {isa = PBXBuildFile; fileRef = 49749C0720D237E70020A05C /* Person+CoreDataProperties.swift */; };
/* End PBXBuildFile section */

/* Begin PBXFileReference section */
		49749BEC20D22A480020A05C /* Persistence.app */ = {isa = PBXFileReference; explicitFileType = wrapper.application; includeInIndex = 0; path = Persistence.app; sourceTree = BUILT_PRODUCTS_DIR; };
		49749BEF20D22A480020A05C /* AppDelegate.swift */ = {isa = PBXFileReference; lastKnownFileType = sourcecode.swift; path = AppDelegate.swift; sourceTree = "<group>"; };
		49749BF120D22A480020A05C /* ViewController.swift */ = {isa = PBXFileReference; lastKnownFileType = sourcecode.swift; path = ViewController.swift; sourceTree = "<group>"; };
		49749BF420D22A480020A05C /* Base */ = {isa = PBXFileReference; lastKnownFileType = file.storyboard; name = Base; path = Base.lproj/Main.storyboard; sourceTree = "<group>"; };
		49749BF720D22A480020A05C /* Persistence.xcdatamodel */ = {isa = PBXFileReference; lastKnownFileType = wrapper.xcdatamodel; path = Persistence.xcdatamodel; sourceTree = "<group>"; };
		49749BF920D22A490020A05C /* Assets.xcassets */ = {isa = PBXFileReference; lastKnownFileType = folder.assetcatalog; path = Assets.xcassets; sourceTree = "<group>"; };
		49749BFC20D22A490020A05C /* Base */ = {isa = PBXFileReference; lastKnownFileType = file.storyboard; name = Base; path = Base.lproj/LaunchScreen.storyboard; sourceTree = "<group>"; };
		49749BFE20D22A490020A05C /* Info.plist */ = {isa = PBXFileReference; lastKnownFileType = text.plist.xml; path = Info.plist; sourceTree = "<group>"; };
		49749C0420D22EC10020A05C /* PersistenceService.swift */ = {isa = PBXFileReference; lastKnownFileType = sourcecode.swift; path = PersistenceService.swift; sourceTree = "<group>"; };
		49749C0620D237E70020A05C /* Person+CoreDataClass.swift */ = {isa = PBXFileReference; lastKnownFileType = sourcecode.swift; path = "Person+CoreDataClass.swift"; sourceTree = "<group>"; };
		49749C0720D237E70020A05C /* Person+CoreDataProperties.swift */ = {isa = PBXFileReference; lastKnownFileType = sourcecode.swift; path = "Person+CoreDataProperties.swift"; sourceTree = "<group>"; };
/* End PBXFileReference section */

/* Begin PBXFrameworksBuildPhase section */
		49749BE920D22A480020A05C /* Frameworks */ = {
			isa = PBXFrameworksBuildPhase;
			buildActionMask = 2147483647;
			files = (
			);
			runOnlyForDeploymentPostprocessing = 0;
		};
/* End PBXFrameworksBuildPhase section */

/* Begin PBXGroup section */
		49749BE320D22A480020A05C = {
			isa = PBXGroup;
			children = (
				49749BEE20D22A480020A05C /* Persistence */,
				49749BED20D22A480020A05C /* Products */,
			);
			sourceTree = "<group>";
		};
		49749BED20D22A480020A05C /* Products */ = {
			isa = PBXGroup;
			children = (
				49749BEC20D22A480020A05C /* Persistence.app */,
			);
			name = Products;
			sourceTree = "<group>";
		};
		49749BEE20D22A480020A05C /* Persistence */ = {
			isa = PBXGroup;
			children = (
				49749C0620D237E70020A05C /* Person+CoreDataClass.swift */,
				49749C0720D237E70020A05C /* Person+CoreDataProperties.swift */,
				49749BEF20D22A480020A05C /* AppDelegate.swift */,
				49749BF120D22A480020A05C /* ViewController.swift */,
				49749C0420D22EC10020A05C /* PersistenceService.swift */,
				49749BF320D22A480020A05C /* Main.storyboard */,
				49749BF920D22A490020A05C /* Assets.xcassets */,
				49749BFB20D22A490020A05C /* LaunchScreen.storyboard */,
				49749BFE20D22A490020A05C /* Info.plist */,
				49749BF620D22A480020A05C /* Persistence.xcdatamodeld */,
			);
			path = Persistence;
			sourceTree = "<group>";
		};
/* End PBXGroup section */

/* Begin PBXNativeTarget section */
		49749BEB20D22A480020A05C /* Persistence */ = {
			isa = PBXNativeTarget;
			buildConfigurationList = 49749C0120D22A490020A05C /* Build configuration list for PBXNativeTarget "Persistence" */;
			buildPhases = (
				49749BE820D22A480020A05C /* Sources */,
				49749BE920D22A480020A05C /* Frameworks */,
				49749BEA20D22A480020A05C /* Resources */,
			);
			buildRules = (
			);
			dependencies = (
			);
			name = Persistence;
			productName = Persistence;
			productReference = 49749BEC20D22A480020A05C /* Persistence.app */;
			productType = "com.apple.product-type.application";
		};
/* End PBXNativeTarget section */

/* Begin PBXProject section */
		49749BE420D22A480020A05C /* Project object */ = {
			isa = PBXProject;
			attributes = {
				LastSwiftUpdateCheck = 0940;
				LastUpgradeCheck = 0940;
				ORGANIZATIONNAME = Appdrew;
				TargetAttributes = {
					49749BEB20D22A480020A05C = {
						CreatedOnToolsVersion = 9.4;
					};
				};
			};
			buildConfigurationList = 49749BE720D22A480020A05C /* Build configuration list for PBXProject "Persistence" */;
			compatibilityVersion = "Xcode 9.3";
			developmentRegion = en;
			hasScannedForEncodings = 0;
			knownRegions = (
				en,
				Base,
			);
			mainGroup = 49749BE320D22A480020A05C;
			productRefGroup = 49749BED20D22A480020A05C /* Products */;
			projectDirPath = "";
			projectRoot = "";
			targets = (
				49749BEB20D22A480020A05C /* Persistence */,
			);
		};
/* End PBXProject section */

/* Begin PBXResourcesBuildPhase section */
		49749BEA20D22A480020A05C /* Resources */ = {
			isa = PBXResourcesBuildPhase;
			buildActionMask = 2147483647;
			files = (
				49749BFD20D22A490020A05C /* LaunchScreen.storyboard in Resources */,
				49749BFA20D22A490020A05C /* Assets.xcassets in Resources */,
				49749BF520D22A480020A05C /* Main.storyboard in Resources */,
			);
			runOnlyForDeploymentPostprocessing = 0;
		};
/* End PBXResourcesBuildPhase section */

/* Begin PBXSourcesBuildPhase section */
		49749BE820D22A480020A05C /* Sources */ = {
			isa = PBXSourcesBuildPhase;
			buildActionMask = 2147483647;
			files = (
				49749BF820D22A480020A05C /* Persistence.xcdatamodeld in Sources */,
				49749C0520D22EC10020A05C /* PersistenceService.swift in Sources */,
				49749C0920D237E70020A05C /* Person+CoreDataProperties.swift in Sources */,
				49749C0820D237E70020A05C /* Person+CoreDataClass.swift in Sources */,
				49749BF220D22A480020A05C /* ViewController.swift in Sources */,
				49749BF020D22A480020A05C /* AppDelegate.swift in Sources */,
			);
			runOnlyForDeploymentPostprocessing = 0;
		};
/* End PBXSourcesBuildPhase section */

/* Begin PBXVariantGroup section */
		49749BF320D22A480020A05C /* Main.storyboard */ = {
			isa = PBXVariantGroup;
			children = (
				49749BF420D22A480020A05C /* Base */,
			);
			name = Main.storyboard;
			sourceTree = "<group>";
		};
		49749BFB20D22A490020A05C /* LaunchScreen.storyboard */ = {
			isa = PBXVariantGroup;
			children = (
				49749BFC20D22A490020A05C /* Base */,
			);
			name = LaunchScreen.storyboard;
			sourceTree = "<group>";
		};
/* End PBXVariantGroup section */

/* Begin XCBuildConfiguration section */
		49749BFF20D22A490020A05C /* Debug */ = {
			isa = XCBuildConfiguration;
			buildSettings = {
				ALWAYS_SEARCH_USER_PATHS = NO;
				CLANG_ANALYZER_NONNULL = YES;
				CLANG_ANALYZER_NUMBER_OBJECT_CONVERSION = YES_AGGRESSIVE;
				CLANG_CXX_LANGUAGE_STANDARD = "gnu++14";
				CLANG_CXX_LIBRARY = "libc++";
				CLANG_ENABLE_MODULES = YES;
				CLANG_ENABLE_OBJC_ARC = YES;
				CLANG_ENABLE_OBJC_WEAK = YES;
				CLANG_WARN_BLOCK_CAPTURE_AUTORELEASING = YES;
				CLANG_WARN_BOOL_CONVERSION = YES;
				CLANG_WARN_COMMA = YES;
				CLANG_WARN_CONSTANT_CONVERSION = YES;
				CLANG_WARN_DEPRECATED_OBJC_IMPLEMENTATIONS = YES;
				CLANG_WARN_DIRECT_OBJC_ISA_USAGE = YES_ERROR;
				CLANG_WARN_DOCUMENTATION_COMMENTS = YES;
				CLANG_WARN_EMPTY_BODY = YES;
				CLANG_WARN_ENUM_CONVERSION = YES;
				CLANG_WARN_INFINITE_RECURSION = YES;
				CLANG_WARN_INT_CONVERSION = YES;
				CLANG_WARN_NON_LITERAL_NULL_CONVERSION = YES;
				CLANG_WARN_OBJC_IMPLICIT_RETAIN_SELF = YES;
				CLANG_WARN_OBJC_LITERAL_CONVERSION = YES;
				CLANG_WARN_OBJC_ROOT_CLASS = YES_ERROR;
				CLANG_WARN_RANGE_LOOP_ANALYSIS = YES;
				CLANG_WARN_STRICT_PROTOTYPES = YES;
				CLANG_WARN_SUSPICIOUS_MOVE = YES;
				CLANG_WARN_UNGUARDED_AVAILABILITY = YES_AGGRESSIVE;
				CLANG_WARN_UNREACHABLE_CODE = YES;
				CLANG_WARN__DUPLICATE_METHOD_MATCH = YES;
				CODE_SIGN_IDENTITY = "iPhone Developer";
				COPY_PHASE_STRIP = NO;
				DEBUG_INFORMATION_FORMAT = dwarf;
				ENABLE_STRICT_OBJC_MSGSEND = YES;
				ENABLE_TESTABILITY = YES;
				GCC_C_LANGUAGE_STANDARD = gnu11;
				GCC_DYNAMIC_NO_PIC = NO;
				GCC_NO_COMMON_BLOCKS = YES;
				GCC_OPTIMIZATION_LEVEL = 0;
				GCC_PREPROCESSOR_DEFINITIONS = (
					"DEBUG=1",
					"$(inherited)",
				);
				GCC_WARN_64_TO_32_BIT_CONVERSION = YES;
				GCC_WARN_ABOUT_RETURN_TYPE = YES_ERROR;
				GCC_WARN_UNDECLARED_SELECTOR = YES;
				GCC_WARN_UNINITIALIZED_AUTOS = YES_AGGRESSIVE;
				GCC_WARN_UNUSED_FUNCTION = YES;
				GCC_WARN_UNUSED_VARIABLE = YES;
				IPHONEOS_DEPLOYMENT_TARGET = 11.4;
				MTL_ENABLE_DEBUG_INFO = YES;
				ONLY_ACTIVE_ARCH = YES;
				SDKROOT = iphoneos;
				SWIFT_ACTIVE_COMPILATION_CONDITIONS = DEBUG;
				SWIFT_OPTIMIZATION_LEVEL = "-Onone";
			};
			name = Debug;
		};
		49749C0020D22A490020A05C /* Release */ = {
			isa = XCBuildConfiguration;
			buildSettings = {
				ALWAYS_SEARCH_USER_PATHS = NO;
				CLANG_ANALYZER_NONNULL = YES;
				CLANG_ANALYZER_NUMBER_OBJECT_CONVERSION = YES_AGGRESSIVE;
				CLANG_CXX_LANGUAGE_STANDARD = "gnu++14";
				CLANG_CXX_LIBRARY = "libc++";
				CLANG_ENABLE_MODULES = YES;
				CLANG_ENABLE_OBJC_ARC = YES;
				CLANG_ENABLE_OBJC_WEAK = YES;
				CLANG_WARN_BLOCK_CAPTURE_AUTORELEASING = YES;
				CLANG_WARN_BOOL_CONVERSION = YES;
				CLANG_WARN_COMMA = YES;
				CLANG_WARN_CONSTANT_CONVERSION = YES;
				CLANG_WARN_DEPRECATED_OBJC_IMPLEMENTATIONS = YES;
				CLANG_WARN_DIRECT_OBJC_ISA_USAGE = YES_ERROR;
				CLANG_WARN_DOCUMENTATION_COMMENTS = YES;
				CLANG_WARN_EMPTY_BODY = YES;
				CLANG_WARN_ENUM_CONVERSION = YES;
				CLANG_WARN_INFINITE_RECURSION = YES;
				CLANG_WARN_INT_CONVERSION = YES;
				CLANG_WARN_NON_LITERAL_NULL_CONVERSION = YES;
				CLANG_WARN_OBJC_IMPLICIT_RETAIN_SELF = YES;
				CLANG_WARN_OBJC_LITERAL_CONVERSION = YES;
				CLANG_WARN_OBJC_ROOT_CLASS = YES_ERROR;
				CLANG_WARN_RANGE_LOOP_ANALYSIS = YES;
				CLANG_WARN_STRICT_PROTOTYPES = YES;
				CLANG_WARN_SUSPICIOUS_MOVE = YES;
				CLANG_WARN_UNGUARDED_AVAILABILITY = YES_AGGRESSIVE;
				CLANG_WARN_UNREACHABLE_CODE = YES;
				CLANG_WARN__DUPLICATE_METHOD_MATCH = YES;
				CODE_SIGN_IDENTITY = "iPhone Developer";
				COPY_PHASE_STRIP = NO;
				DEBUG_INFORMATION_FORMAT = "dwarf-with-dsym";
				ENABLE_NS_ASSERTIONS = NO;
				ENABLE_STRICT_OBJC_MSGSEND = YES;
				GCC_C_LANGUAGE_STANDARD = gnu11;
				GCC_NO_COMMON_BLOCKS = YES;
				GCC_WARN_64_TO_32_BIT_CONVERSION = YES;
				GCC_WARN_ABOUT_RETURN_TYPE = YES_ERROR;
				GCC_WARN_UNDECLARED_SELECTOR = YES;
				GCC_WARN_UNINITIALIZED_AUTOS = YES_AGGRESSIVE;
				GCC_WARN_UNUSED_FUNCTION = YES;
				GCC_WARN_UNUSED_VARIABLE = YES;
				IPHONEOS_DEPLOYMENT_TARGET = 11.4;
				MTL_ENABLE_DEBUG_INFO = NO;
				SDKROOT = iphoneos;
				SWIFT_COMPILATION_MODE = wholemodule;
				SWIFT_OPTIMIZATION_LEVEL = "-O";
				VALIDATE_PRODUCT = YES;
			};
			name = Release;
		};
		49749C0220D22A490020A05C /* Debug */ = {
			isa = XCBuildConfiguration;
			buildSettings = {
				ASSETCATALOG_COMPILER_APPICON_NAME = AppIcon;
				CODE_SIGN_STYLE = Automatic;
				DEVELOPMENT_TEAM = 43B5CQKAZ4;
				INFOPLIST_FILE = Persistence/Info.plist;
				LD_RUNPATH_SEARCH_PATHS = (
					"$(inherited)",
					"@executable_path/Frameworks",
				);
				PRODUCT_BUNDLE_IDENTIFIER = com.appdrew.Persistence;
				PRODUCT_NAME = "$(TARGET_NAME)";
				SWIFT_VERSION = 4.0;
				TARGETED_DEVICE_FAMILY = "1,2";
			};
			name = Debug;
		};
		49749C0320D22A490020A05C /* Release */ = {
			isa = XCBuildConfiguration;
			buildSettings = {
				ASSETCATALOG_COMPILER_APPICON_NAME = AppIcon;
				CODE_SIGN_STYLE = Automatic;
				DEVELOPMENT_TEAM = 43B5CQKAZ4;
				INFOPLIST_FILE = Persistence/Info.plist;
				LD_RUNPATH_SEARCH_PATHS = (
					"$(inherited)",
					"@executable_path/Frameworks",
				);
				PRODUCT_BUNDLE_IDENTIFIER = com.appdrew.Persistence;
				PRODUCT_NAME = "$(TARGET_NAME)";
				SWIFT_VERSION = 4.0;
				TARGETED_DEVICE_FAMILY = "1,2";
			};
			name = Release;
		};
/* End XCBuildConfiguration section */

/* Begin XCConfigurationList section */
		49749BE720D22A480020A05C /* Build configuration list for PBXProject "Persistence" */ = {
			isa = XCConfigurationList;
			buildConfigurations = (
				49749BFF20D22A490020A05C /* Debug */,
				49749C0020D22A490020A05C /* Release */,
			);
			defaultConfigurationIsVisible = 0;
			defaultConfigurationName = Release;
		};
		49749C0120D22A490020A05C /* Build configuration list for PBXNativeTarget "Persistence" */ = {
			isa = XCConfigurationList;
			buildConfigurations = (
				49749C0220D22A490020A05C /* Debug */,
				49749C0320D22A490020A05C /* Release */,
			);
			defaultConfigurationIsVisible = 0;
			defaultConfigurationName = Release;
		};
/* End XCConfigurationList section */

/* Begin XCVersionGroup section */
		49749BF620D22A480020A05C /* Persistence.xcdatamodeld */ = {
			isa = XCVersionGroup;
			children = (
				49749BF720D22A480020A05C /* Persistence.xcdatamodel */,
			);
			currentVersion = 49749BF720D22A480020A05C /* Persistence.xcdatamodel */;
			path = Persistence.xcdatamodeld;
			sourceTree = "<group>";
			versionGroupType = wrapper.xcdatamodel;
		};
/* End XCVersionGroup section */
	};
	rootObject = 49749BE420D22A480020A05C /* Project object */;
}
